
Microsoft Visual Studio Solution File, Format Version 12.00
# Visual Studio Version 17
VisualStudioVersion = 17.8.34316.72
MinimumVisualStudioVersion = 10.0.40219.1
Project("{9A19103F-16F7-4668-BE54-9A1E7A4F7556}") = "DiscogsConnect", "src\DiscogsConnect\DiscogsConnect.csproj", "{F9175F7F-10AF-45C0-BA4B-6EC7DEEFA2B5}"
EndProject
Project("{9A19103F-16F7-4668-BE54-9A1E7A4F7556}") = "DiscogsConnect.Test", "src\DiscogsConnect.Test\DiscogsConnect.Test.csproj", "{3B5AB2CD-1639-4A3A-8640-39FA6EE8538C}"
EndProject
Project("{2150E333-8FDC-42A3-9474-1A3956D46DE8}") = "Solution Items", "Solution Items", "{F898E00B-D8B7-4471-A644-5D689CBBBE15}"
	ProjectSection(SolutionItems) = preProject
		.editorconfig = .editorconfig
		README.md = README.md
	EndProjectSection
EndProject
Global
	GlobalSection(SolutionConfigurationPlatforms) = preSolution
		Debug|Any CPU = Debug|Any CPU
		Release|Any CPU = Release|Any CPU
	EndGlobalSection
	GlobalSection(ProjectConfigurationPlatforms) = postSolution
		{F9175F7F-10AF-45C0-BA4B-6EC7DEEFA2B5}.Debug|Any CPU.ActiveCfg = Debug|Any CPU
		{F9175F7F-10AF-45C0-BA4B-6EC7DEEFA2B5}.Debug|Any CPU.Build.0 = Debug|Any CPU
		{F9175F7F-10AF-45C0-BA4B-6EC7DEEFA2B5}.Release|Any CPU.ActiveCfg = Release|Any CPU
		{F9175F7F-10AF-45C0-BA4B-6EC7DEEFA2B5}.Release|Any CPU.Build.0 = Release|Any CPU
		{3B5AB2CD-1639-4A3A-8640-39FA6EE8538C}.Debug|Any CPU.ActiveCfg = Debug|Any CPU
		{3B5AB2CD-1639-4A3A-8640-39FA6EE8538C}.Debug|Any CPU.Build.0 = Debug|Any CPU
		{3B5AB2CD-1639-4A3A-8640-39FA6EE8538C}.Release|Any CPU.ActiveCfg = Release|Any CPU
		{3B5AB2CD-1639-4A3A-8640-39FA6EE8538C}.Release|Any CPU.Build.0 = Release|Any CPU
	EndGlobalSection
	GlobalSection(SolutionProperties) = preSolution
		HideSolutionNode = FALSE
	EndGlobalSection
	GlobalSection(ExtensibilityGlobals) = postSolution
		SolutionGuid = {659311BA-109C-485A-B145-025BFABDD385}
	EndGlobalSection
EndGlobal
